<?xml version="1.0" encoding="utf-8"?>
<Project ToolsVersion="4.0" xmlns="http://schemas.microsoft.com/developer/msbuild/2003">
  <ItemGroup>
    <ClCompile Include="Engine.cpp" />
    <ClCompile Include="Entity.cpp" />
    <ClCompile Include="pch.cpp" />
    <ClCompile Include="Texturing.cpp" />
    <ClCompile Include="Raycast.cpp" />
    <ClCompile Include="CameraComponent.cpp">
      <Filter>Components</Filter>
    </ClCompile>
    <ClCompile Include="Collider.cpp">
      <Filter>Components</Filter>
    </ClCompile>
    <ClCompile Include="Component.cpp">
      <Filter>Components</Filter>
    </ClCompile>
    <ClCompile Include="MeshComponent.cpp">
      <Filter>Components</Filter>
    </ClCompile>
    <ClCompile Include="RigidbodyComponent.cpp">
      <Filter>Components</Filter>
    </ClCompile>
    <ClCompile Include="TransformComponent.cpp">
      <Filter>Components</Filter>
    </ClCompile>
    <ClCompile Include="Debug.cpp">
      <Filter>HUD</Filter>
    </ClCompile>
    <ClCompile Include="HUD.cpp">
      <Filter>HUD</Filter>
    </ClCompile>
    <ClCompile Include="Timer.cpp">
      <Filter>HUD</Filter>
    </ClCompile>
    <ClCompile Include="Scene.cpp">
      <Filter>Scene</Filter>
    </ClCompile>
    <ClCompile Include="SceneManager.cpp">
      <Filter>Scene</Filter>
    </ClCompile>
    <ClCompile Include="Transform.cpp">
      <Filter>Transform</Filter>
    </ClCompile>
    <ClCompile Include="Sprite.cpp">
      <Filter>HUD</Filter>
    </ClCompile>
    <ClCompile Include="Text.cpp">
      <Filter>HUD</Filter>
    </ClCompile>
    <ClCompile Include="Button.cpp">
      <Filter>HUD</Filter>
    </ClCompile>
    <ClCompile Include="HudElement.cpp" />
  </ItemGroup>
  <ItemGroup>
    <ClInclude Include="Engine.h" />
    <ClInclude Include="Entity.h" />
    <ClInclude Include="framework.h" />
    <ClInclude Include="Moteur.h" />
    <ClInclude Include="pch.h" />
    <ClInclude Include="Texturing.h" />
    <ClInclude Include="Raycast.h" />
    <ClInclude Include="CameraComponent.h">
      <Filter>Components</Filter>
    </ClInclude>
    <ClInclude Include="Collider.h">
      <Filter>Components</Filter>
    </ClInclude>
    <ClInclude Include="Component.h">
      <Filter>Components</Filter>
    </ClInclude>
    <ClInclude Include="MeshComponent.h">
      <Filter>Components</Filter>
    </ClInclude>
    <ClInclude Include="RigidbodyComponent.h">
      <Filter>Components</Filter>
    </ClInclude>
    <ClInclude Include="TransformComponent.h">
      <Filter>Components</Filter>
    </ClInclude>
    <ClInclude Include="Debug.h">
      <Filter>HUD</Filter>
    </ClInclude>
    <ClInclude Include="HUD.h">
      <Filter>HUD</Filter>
    </ClInclude>
    <ClInclude Include="Timer.h">
      <Filter>HUD</Filter>
    </ClInclude>
    <ClInclude Include="Scene.h">
      <Filter>Scene</Filter>
    </ClInclude>
    <ClInclude Include="SceneManager.h">
      <Filter>Scene</Filter>
    </ClInclude>
    <ClInclude Include="Transform.h">
      <Filter>Transform</Filter>
    </ClInclude>
    <ClInclude Include="Sprite.h">
      <Filter>HUD</Filter>
    </ClInclude>
    <ClInclude Include="Text.h">
      <Filter>HUD</Filter>
    </ClInclude>
    <ClInclude Include="Button.h">
      <Filter>HUD</Filter>
    </ClInclude>
    <ClInclude Include="HudElement.h" />
  </ItemGroup>
  <ItemGroup>
    <Filter Include="Components">
      <UniqueIdentifier>{d9fb5ad5-b2c2-4832-95b9-3922f6f571b7}</UniqueIdentifier>
    </Filter>
    <Filter Include="HUD">
      <UniqueIdentifier>{4caba0d0-4821-4edc-8985-d8c265ab4176}</UniqueIdentifier>
    </Filter>
    <Filter Include="Scene">
      <UniqueIdentifier>{4c155bce-1fa9-4f6d-9cc2-711beff6fe9b}</UniqueIdentifier>
    </Filter>
    <Filter Include="Transform">
      <UniqueIdentifier>{ebee25fa-16e3-49c7-ab47-7a6f53826ade}</UniqueIdentifier>
    </Filter>
  </ItemGroup>
</Project>